{
  "nodes": {
    "nixpkgs": {
      "locked": {
        "lastModified": 1614794256,
        "narHash": "sha256-PeFfmMNdH7bw1iTExZV9nimvZxA1NlZkI9I3vLna9ng=",
        "owner": "nixos",
        "repo": "nixpkgs",
        "rev": "e1bcb3cc01cfd58485a57510076e96a1e69a539d",
        "type": "github"
      },
      "original": {
        "owner": "nixos",
        "repo": "nixpkgs",
        "type": "github"
      }
    },
    "root": {
      "inputs": {
        "nixpkgs": "nixpkgs"
      }
    }
  },
  "root": "root",
  "version": 7
}
